{
  "name": "watchit",
  "version": "0.3.0-alpha.1",
  "lockfileVersion": 1,
  "requires": true,
  "dependencies": {
    "logplease": {
      "version": "1.2.15",
      "resolved": "https://registry.npmjs.org/logplease/-/logplease-1.2.15.tgz",
      "integrity": "sha512-jLlHnlsPSJjpwUfcNyUxXCl33AYg2cHhIf9QhGL2T4iPT0XPB+xP1LRKFPgIg1M/sg9kAJvy94w9CzBNrfnstA=="
    }
  }
}
